
Microsoft Visual Studio Solution File, Format Version 12.00
# Visual Studio 15
VisualStudioVersion = 15.0.28307.421
MinimumVisualStudioVersion = 10.0.40219.1
Project("{FAE04EC0-301F-11D3-BF4B-00C04F79EFBC}") = "pronostiek", "pronostiek\pronostiek.csproj", "{BCDF2F57-DDA4-4737-819C-BEAAA439E39C}"
EndProject
Global
	GlobalSection(SolutionConfigurationPlatforms) = preSolution
		Debug|Any CPU = Debug|Any CPU
		Release|Any CPU = Release|Any CPU
	EndGlobalSection
	GlobalSection(ProjectConfigurationPlatforms) = postSolution
		{BCDF2F57-DDA4-4737-819C-BEAAA439E39C}.Debug|Any CPU.ActiveCfg = Debug|Any CPU
		{BCDF2F57-DDA4-4737-819C-BEAAA439E39C}.Debug|Any CPU.Build.0 = Debug|Any CPU
		{BCDF2F57-DDA4-4737-819C-BEAAA439E39C}.Release|Any CPU.ActiveCfg = Release|Any CPU
		{BCDF2F57-DDA4-4737-819C-BEAAA439E39C}.Release|Any CPU.Build.0 = Release|Any CPU
	EndGlobalSection
	GlobalSection(SolutionProperties) = preSolution
		HideSolutionNode = FALSE
	EndGlobalSection
	GlobalSection(ExtensibilityGlobals) = postSolution
		SolutionGuid = {CB0343A8-B1A2-4B3C-BB81-78B3EF7BED37}
	EndGlobalSection
EndGlobal
